# THIS IS AN AUTOGENERATED FILE. DO NOT EDIT THIS FILE DIRECTLY.
# yarn lockfile v1


d3@3, d3@^3.3.8:
  version "3.5.17"
  resolved "https://registry.yarnpkg.com/d3/-/d3-3.5.17.tgz#bc46748004378b21a360c9fc7cf5231790762fb8"

dagre-d3@^0.4.17:
  version "0.4.17"
  resolved "https://registry.yarnpkg.com/dagre-d3/-/dagre-d3-0.4.17.tgz#9533180d00ba9ff28b04cee127e93592d9c60a1c"
  dependencies:
    d3 "^3.3.8"
    dagre "^0.7.3"
    graphlib "^1.0.5"
    lodash "^3.10.0"

dagre@^0.7.3:
  version "0.7.4"
  resolved "https://registry.yarnpkg.com/dagre/-/dagre-0.7.4.tgz#de72f0e74a550ce11ce638f0a136fed712398022"
  dependencies:
    graphlib "^1.0.5"
    lodash "^3.10.0"

graphlib@^1.0.5:
  version "1.0.7"
  resolved "https://registry.yarnpkg.com/graphlib/-/graphlib-1.0.7.tgz#0cab2df0ffe6abe070b2625bfa1edb6ec967b8b1"
  dependencies:
    lodash "^3.10.0"

lodash@^3.10.0:
  version "3.10.1"
  resolved "https://registry.yarnpkg.com/lodash/-/lodash-3.10.1.tgz#5bf45e8e49ba4189e17d482789dfd15bd140b7b6"

nvd3@^1.8.5:
  version "1.8.5"
  resolved "https://registry.yarnpkg.com/nvd3/-/nvd3-1.8.5.tgz#94a0c98ff1c3366b721fa7a8705b3c6e9eaf6bb6"
